<?xml version="1.0" encoding="utf-8"?>
<Project ToolsVersion="4.0" xmlns="http://schemas.microsoft.com/developer/msbuild/2003">
  <ItemGroup>
    <Filter Include="Scenes">
      <UniqueIdentifier>{fde6b695-f46a-4ba6-9596-0dc1f06e3bf4}</UniqueIdentifier>
    </Filter>
  </ItemGroup>
  <ItemGroup>
    <ClInclude Include="tgLoadScenes.h">
      <Filter>Scenes</Filter>
    </ClInclude>
    <ClInclude Include="tgPlayScene.h" />
  </ItemGroup>
  <ItemGroup>
    <ClCompile Include="tgPlayScene.cpp" />
  </ItemGroup>
</Project>