<?xml version="1.0" encoding="utf-8"?>
<Project ToolsVersion="4.0" xmlns="http://schemas.microsoft.com/developer/msbuild/2003">
  <ItemGroup>
    <Filter Include="Scenes">
      <UniqueIdentifier>{fde6b695-f46a-4ba6-9596-0dc1f06e3bf4}</UniqueIdentifier>
    </Filter>
    <Filter Include="Contents">
      <UniqueIdentifier>{00ed6100-06b0-4efb-a533-595c828f103f}</UniqueIdentifier>
    </Filter>
    <Filter Include="Scripts">
      <UniqueIdentifier>{b084a9be-c886-4066-8aa1-92c3712f5ee6}</UniqueIdentifier>
    </Filter>
  </ItemGroup>
  <ItemGroup>
    <ClInclude Include="tgPlayScene.h">
      <Filter>Scenes</Filter>
    </ClInclude>
    <ClInclude Include="tgPlayer.h">
      <Filter>Contents</Filter>
    </ClInclude>
    <ClInclude Include="tgTitleScene.h">
      <Filter>Scenes</Filter>
    </ClInclude>
    <ClInclude Include="tgPlayerScript.h">
      <Filter>Scripts</Filter>
    </ClInclude>
    <ClInclude Include="tgCat.h">
      <Filter>Contents</Filter>
    </ClInclude>
    <ClInclude Include="tgCatScript.h">
      <Filter>Scripts</Filter>
    </ClInclude>
    <ClInclude Include="tgToolScene.h">
      <Filter>Scenes</Filter>
    </ClInclude>
    <ClInclude Include="tgTile.h">
      <Filter>Contents</Filter>
    </ClInclude>
    <ClInclude Include="tgCameraScript.h">
      <Filter>Scripts</Filter>
    </ClInclude>
    <ClInclude Include="tgLoadScenes.h" />
    <ClInclude Include="tgLoadResources.h" />
  </ItemGroup>
  <ItemGroup>
    <ClCompile Include="tgPlayScene.cpp">
      <Filter>Scenes</Filter>
    </ClCompile>
    <ClCompile Include="tgPlayer.cpp">
      <Filter>Contents</Filter>
    </ClCompile>
    <ClCompile Include="tgTitleScene.cpp">
      <Filter>Scenes</Filter>
    </ClCompile>
    <ClCompile Include="tgPlayerScript.cpp">
      <Filter>Scripts</Filter>
    </ClCompile>
    <ClCompile Include="tgCat.cpp">
      <Filter>Contents</Filter>
    </ClCompile>
    <ClCompile Include="tgCatScript.cpp">
      <Filter>Scripts</Filter>
    </ClCompile>
    <ClCompile Include="tgToolScene.cpp">
      <Filter>Scenes</Filter>
    </ClCompile>
    <ClCompile Include="tgTile.cpp">
      <Filter>Contents</Filter>
    </ClCompile>
    <ClCompile Include="tgCameraScript.cpp">
      <Filter>Scripts</Filter>
    </ClCompile>
  </ItemGroup>
</Project>